
Microsoft Visual Studio Solution File, Format Version 12.00
# Visual Studio Version 16
VisualStudioVersion = 16.0.31624.102
MinimumVisualStudioVersion = 10.0.40219.1
Project("{8BC9CEB8-8B4A-11D0-8D11-00A0C91BC942}") = "Baekjoon1978", "Baekjoon1978\Baekjoon1978.vcxproj", "{323C00DD-D420-4E16-BCB4-65CDF5A97488}"
EndProject
Project("{8BC9CEB8-8B4A-11D0-8D11-00A0C91BC942}") = "Baekjoon2581", "Baekjoon2581\Baekjoon2581.vcxproj", "{526F58CC-957C-417C-801D-4AF7A5B7259A}"
EndProject
Project("{8BC9CEB8-8B4A-11D0-8D11-00A0C91BC942}") = "Baekjoon2447", "Baekjoon2447\Baekjoon2447.vcxproj", "{EB1C4EA0-07CA-4E07-A645-5C9FBE171AEB}"
EndProject
Project("{8BC9CEB8-8B4A-11D0-8D11-00A0C91BC942}") = "Baekjoon7568", "Baekjoon7568\Baekjoon7568.vcxproj", "{722B0B51-B320-45FE-9FDF-866EF9E9AA2C}"
EndProject
Project("{8BC9CEB8-8B4A-11D0-8D11-00A0C91BC942}") = "Baekjoon1018", "Baekjoon1018\Baekjoon1018.vcxproj", "{175B2A56-8EA3-48CE-9EED-69B01ED698DF}"
EndProject
Project("{8BC9CEB8-8B4A-11D0-8D11-00A0C91BC942}") = "Baekjoon2108", "Baekjoon2108\Baekjoon2108.vcxproj", "{C2CB1C80-7DC2-4CD7-A3D8-BFB2A032BBA0}"
EndProject
Global
	GlobalSection(SolutionConfigurationPlatforms) = preSolution
		Debug|x64 = Debug|x64
		Debug|x86 = Debug|x86
		Release|x64 = Release|x64
		Release|x86 = Release|x86
	EndGlobalSection
	GlobalSection(ProjectConfigurationPlatforms) = postSolution
		{323C00DD-D420-4E16-BCB4-65CDF5A97488}.Debug|x64.ActiveCfg = Debug|x64
		{323C00DD-D420-4E16-BCB4-65CDF5A97488}.Debug|x64.Build.0 = Debug|x64
		{323C00DD-D420-4E16-BCB4-65CDF5A97488}.Debug|x86.ActiveCfg = Debug|Win32
		{323C00DD-D420-4E16-BCB4-65CDF5A97488}.Debug|x86.Build.0 = Debug|Win32
		{323C00DD-D420-4E16-BCB4-65CDF5A97488}.Release|x64.ActiveCfg = Release|x64
		{323C00DD-D420-4E16-BCB4-65CDF5A97488}.Release|x64.Build.0 = Release|x64
		{323C00DD-D420-4E16-BCB4-65CDF5A97488}.Release|x86.ActiveCfg = Release|Win32
		{323C00DD-D420-4E16-BCB4-65CDF5A97488}.Release|x86.Build.0 = Release|Win32
		{526F58CC-957C-417C-801D-4AF7A5B7259A}.Debug|x64.ActiveCfg = Debug|x64
		{526F58CC-957C-417C-801D-4AF7A5B7259A}.Debug|x64.Build.0 = Debug|x64
		{526F58CC-957C-417C-801D-4AF7A5B7259A}.Debug|x86.ActiveCfg = Debug|Win32
		{526F58CC-957C-417C-801D-4AF7A5B7259A}.Debug|x86.Build.0 = Debug|Win32
		{526F58CC-957C-417C-801D-4AF7A5B7259A}.Release|x64.ActiveCfg = Release|x64
		{526F58CC-957C-417C-801D-4AF7A5B7259A}.Release|x64.Build.0 = Release|x64
		{526F58CC-957C-417C-801D-4AF7A5B7259A}.Release|x86.ActiveCfg = Release|Win32
		{526F58CC-957C-417C-801D-4AF7A5B7259A}.Release|x86.Build.0 = Release|Win32
		{EB1C4EA0-07CA-4E07-A645-5C9FBE171AEB}.Debug|x64.ActiveCfg = Debug|x64
		{EB1C4EA0-07CA-4E07-A645-5C9FBE171AEB}.Debug|x64.Build.0 = Debug|x64
		{EB1C4EA0-07CA-4E07-A645-5C9FBE171AEB}.Debug|x86.ActiveCfg = Debug|Win32
		{EB1C4EA0-07CA-4E07-A645-5C9FBE171AEB}.Debug|x86.Build.0 = Debug|Win32
		{EB1C4EA0-07CA-4E07-A645-5C9FBE171AEB}.Release|x64.ActiveCfg = Release|x64
		{EB1C4EA0-07CA-4E07-A645-5C9FBE171AEB}.Release|x64.Build.0 = Release|x64
		{EB1C4EA0-07CA-4E07-A645-5C9FBE171AEB}.Release|x86.ActiveCfg = Release|Win32
		{EB1C4EA0-07CA-4E07-A645-5C9FBE171AEB}.Release|x86.Build.0 = Release|Win32
		{722B0B51-B320-45FE-9FDF-866EF9E9AA2C}.Debug|x64.ActiveCfg = Debug|x64
		{722B0B51-B320-45FE-9FDF-866EF9E9AA2C}.Debug|x64.Build.0 = Debug|x64
		{722B0B51-B320-45FE-9FDF-866EF9E9AA2C}.Debug|x86.ActiveCfg = Debug|Win32
		{722B0B51-B320-45FE-9FDF-866EF9E9AA2C}.Debug|x86.Build.0 = Debug|Win32
		{722B0B51-B320-45FE-9FDF-866EF9E9AA2C}.Release|x64.ActiveCfg = Release|x64
		{722B0B51-B320-45FE-9FDF-866EF9E9AA2C}.Release|x64.Build.0 = Release|x64
		{722B0B51-B320-45FE-9FDF-866EF9E9AA2C}.Release|x86.ActiveCfg = Release|Win32
		{722B0B51-B320-45FE-9FDF-866EF9E9AA2C}.Release|x86.Build.0 = Release|Win32
		{175B2A56-8EA3-48CE-9EED-69B01ED698DF}.Debug|x64.ActiveCfg = Debug|x64
		{175B2A56-8EA3-48CE-9EED-69B01ED698DF}.Debug|x64.Build.0 = Debug|x64
		{175B2A56-8EA3-48CE-9EED-69B01ED698DF}.Debug|x86.ActiveCfg = Debug|Win32
		{175B2A56-8EA3-48CE-9EED-69B01ED698DF}.Debug|x86.Build.0 = Debug|Win32
		{175B2A56-8EA3-48CE-9EED-69B01ED698DF}.Release|x64.ActiveCfg = Release|x64
		{175B2A56-8EA3-48CE-9EED-69B01ED698DF}.Release|x64.Build.0 = Release|x64
		{175B2A56-8EA3-48CE-9EED-69B01ED698DF}.Release|x86.ActiveCfg = Release|Win32
		{175B2A56-8EA3-48CE-9EED-69B01ED698DF}.Release|x86.Build.0 = Release|Win32
		{C2CB1C80-7DC2-4CD7-A3D8-BFB2A032BBA0}.Debug|x64.ActiveCfg = Debug|x64
		{C2CB1C80-7DC2-4CD7-A3D8-BFB2A032BBA0}.Debug|x64.Build.0 = Debug|x64
		{C2CB1C80-7DC2-4CD7-A3D8-BFB2A032BBA0}.Debug|x86.ActiveCfg = Debug|Win32
		{C2CB1C80-7DC2-4CD7-A3D8-BFB2A032BBA0}.Debug|x86.Build.0 = Debug|Win32
		{C2CB1C80-7DC2-4CD7-A3D8-BFB2A032BBA0}.Release|x64.ActiveCfg = Release|x64
		{C2CB1C80-7DC2-4CD7-A3D8-BFB2A032BBA0}.Release|x64.Build.0 = Release|x64
		{C2CB1C80-7DC2-4CD7-A3D8-BFB2A032BBA0}.Release|x86.ActiveCfg = Release|Win32
		{C2CB1C80-7DC2-4CD7-A3D8-BFB2A032BBA0}.Release|x86.Build.0 = Release|Win32
	EndGlobalSection
	GlobalSection(SolutionProperties) = preSolution
		HideSolutionNode = FALSE
	EndGlobalSection
	GlobalSection(ExtensibilityGlobals) = postSolution
		SolutionGuid = {13485428-4646-4B23-9620-D0CDE159E731}
	EndGlobalSection
EndGlobal
